
Microsoft Visual Studio Solution File, Format Version 12.00
# Visual Studio 2012
Project("{FAE04EC0-301F-11D3-BF4B-00C04F79EFBC}") = "testServer", "testServer\testServer.csproj", "{C80E92E3-1011-4E25-AF12-93D6FE552C5A}"
EndProject
Global
	GlobalSection(SolutionConfigurationPlatforms) = preSolution
		Debug|Any CPU = Debug|Any CPU
		Release|Any CPU = Release|Any CPU
	EndGlobalSection
	GlobalSection(ProjectConfigurationPlatforms) = postSolution
		{C80E92E3-1011-4E25-AF12-93D6FE552C5A}.Debug|Any CPU.ActiveCfg = Debug|Any CPU
		{C80E92E3-1011-4E25-AF12-93D6FE552C5A}.Debug|Any CPU.Build.0 = Debug|Any CPU
		{C80E92E3-1011-4E25-AF12-93D6FE552C5A}.Release|Any CPU.ActiveCfg = Release|Any CPU
		{C80E92E3-1011-4E25-AF12-93D6FE552C5A}.Release|Any CPU.Build.0 = Release|Any CPU
	EndGlobalSection
	GlobalSection(SolutionProperties) = preSolution
		HideSolutionNode = FALSE
	EndGlobalSection
EndGlobal
